{
  "name": "titondb",
  "version": "1.0.0",
  "lockfileVersion": 2,
  "requires": true,
  "packages": {
    "": {
      "name": "titondb",
      "version": "1.0.0",
      "license": "MIT",
      "dependencies": {
        "titondb": "^1.0.0"
      }
    },
    "node_modules/titondb": {
      "version": "1.0.0",
      "resolved": "https://registry.npmjs.org/titondb/-/titondb-1.0.0.tgz",
      "integrity": "sha512-BYo9Swuk8boBMhKCEnAd4uAXir865upG0lugzZapUKirOGiZ54JpzPVDrxx/fvKjREPk3Panj9Se69McDfr/GQ=="
    }
  },
  "dependencies": {
    "titondb": {
      "version": "1.0.0",
      "resolved": "https://registry.npmjs.org/titondb/-/titondb-1.0.0.tgz",
      "integrity": "sha512-BYo9Swuk8boBMhKCEnAd4uAXir865upG0lugzZapUKirOGiZ54JpzPVDrxx/fvKjREPk3Panj9Se69McDfr/GQ=="
    }
  }
}
